<?xml version="1.0" encoding="utf-8"?>
<Project ToolsVersion="4.0" xmlns="http://schemas.microsoft.com/developer/msbuild/2003">
  <ItemGroup>
    <Filter Include="Module">
      <UniqueIdentifier>{b523de7f-bf57-4aeb-8956-37e575097e5d}</UniqueIdentifier>
    </Filter>
    <Filter Include="Source Files">
      <UniqueIdentifier>{4FC737F1-C7A5-4376-A066-2A32D752A2FF}</UniqueIdentifier>
      <Extensions>cpp;c;cc;cxx;c++;cppm;ixx;def;odl;idl;hpj;bat;asm;asmx</Extensions>
    </Filter>
    <Filter Include="Source Files\Curve">
      <UniqueIdentifier>{9ed3bbdd-25ef-45fc-a32a-0874ee4785bb}</UniqueIdentifier>
    </Filter>
    <Filter Include="Source Files\Curve\Handle">
      <UniqueIdentifier>{82bb0983-1a5a-4bc9-a413-9a84a28b7cc3}</UniqueIdentifier>
    </Filter>
    <Filter Include="Source Files\Curve\Editor">
      <UniqueIdentifier>{3e7ea665-8ff6-4961-879c-616bebb916fc}</UniqueIdentifier>
    </Filter>
    <Filter Include="Source Files\Window Procedure">
      <UniqueIdentifier>{627ee968-e52c-4873-91d1-c846346103a8}</UniqueIdentifier>
    </Filter>
    <Filter Include="Source Files\View">
      <UniqueIdentifier>{bd6163fe-ce55-4a4b-8dac-64f9e5d5784e}</UniqueIdentifier>
    </Filter>
    <Filter Include="Source Files\Menu">
      <UniqueIdentifier>{757f7728-9757-4416-b7d0-1796cf4c5c04}</UniqueIdentifier>
    </Filter>
    <Filter Include="Source Files\Dialog">
      <UniqueIdentifier>{1c0ea417-2665-488e-8651-8b9406678d62}</UniqueIdentifier>
    </Filter>
    <Filter Include="Source Files\Exedit Hook">
      <UniqueIdentifier>{cfa084d6-1bfd-4ac2-9cf4-23b018ca9d48}</UniqueIdentifier>
    </Filter>
    <Filter Include="Source Files\Util">
      <UniqueIdentifier>{c882058e-4681-45de-86ee-6138e52e6e30}</UniqueIdentifier>
    </Filter>
    <Filter Include="Source Files\Filter Func">
      <UniqueIdentifier>{81ce0285-14f7-44e9-8f20-55c3905b1610}</UniqueIdentifier>
    </Filter>
    <Filter Include="Header Files">
      <UniqueIdentifier>{93995380-89BD-4b04-88EB-625FBE52EBFB}</UniqueIdentifier>
      <Extensions>h;hh;hpp;hxx;h++;hm;inl;inc;ipp;xsd</Extensions>
    </Filter>
    <Filter Include="Header Files\Curve">
      <UniqueIdentifier>{274582b0-2591-46a2-a113-49aecfa3c3c5}</UniqueIdentifier>
    </Filter>
    <Filter Include="Header Files\Curve\Handle">
      <UniqueIdentifier>{5fb9124d-b953-4b0f-8ed8-c13b1b05ee46}</UniqueIdentifier>
    </Filter>
    <Filter Include="Header Files\Curve\Editor">
      <UniqueIdentifier>{6fc4954d-fb0f-4ba9-a148-9cbe1c6e00df}</UniqueIdentifier>
    </Filter>
    <Filter Include="Header Files\Window Procedure">
      <UniqueIdentifier>{36dcc05e-cca7-4919-864c-be75aa937df2}</UniqueIdentifier>
    </Filter>
    <Filter Include="Header Files\View">
      <UniqueIdentifier>{5868f70f-18fc-469d-afb8-134499c692e1}</UniqueIdentifier>
    </Filter>
    <Filter Include="Header Files\Menu">
      <UniqueIdentifier>{feb162eb-045d-4525-96f7-62d50e0e1182}</UniqueIdentifier>
    </Filter>
    <Filter Include="Header Files\Dialog">
      <UniqueIdentifier>{a6042aa4-e356-4401-a70c-ce74744909ac}</UniqueIdentifier>
    </Filter>
    <Filter Include="Header Files\Exedit Hook">
      <UniqueIdentifier>{c986478d-dce9-49df-8522-345c4d794f97}</UniqueIdentifier>
    </Filter>
    <Filter Include="Header Files\UI">
      <UniqueIdentifier>{c13e62b1-ab5f-47e8-b7b4-33c15df4c8ad}</UniqueIdentifier>
    </Filter>
    <Filter Include="Header Files\Util">
      <UniqueIdentifier>{0085c803-fb94-4a41-ab49-73c6d5c9b910}</UniqueIdentifier>
    </Filter>
    <Filter Include="Header Files\Filter Func">
      <UniqueIdentifier>{fca9df6f-beab-4460-89e4-28c6035c6173}</UniqueIdentifier>
    </Filter>
    <Filter Include="Header Files\Config">
      <UniqueIdentifier>{7369f4d6-526d-4cbf-941a-f76ea20406c4}</UniqueIdentifier>
    </Filter>
    <Filter Include="Source Files\Config">
      <UniqueIdentifier>{0aea0d4e-e85f-4b78-8b13-0448afbb702a}</UniqueIdentifier>
    </Filter>
    <Filter Include="Resource Files">
      <UniqueIdentifier>{67DA6AB6-F800-4c08-8B7A-83BB121AAD01}</UniqueIdentifier>
      <Extensions>rc;ico;cur;bmp;dlg;rc2;rct;bin;rgs;gif;jpg;jpeg;jpe;resx;tiff;tif;png;wav;mfcribbon-ms</Extensions>
    </Filter>
    <Filter Include="Header Files\Curve\Modifier">
      <UniqueIdentifier>{2021ce84-e6b0-4d82-9ca4-a32e78c78e11}</UniqueIdentifier>
    </Filter>
    <Filter Include="Source Files\Curve\Modifier">
      <UniqueIdentifier>{f2bd8b9b-5185-4cd2-b360-fa2722f78145}</UniqueIdentifier>
    </Filter>
  </ItemGroup>
  <ItemGroup>
    <ClInclude Include="curve.hpp">
      <Filter>Header Files\Curve</Filter>
    </ClInclude>
    <ClInclude Include="global.hpp">
      <Filter>Header Files</Filter>
    </ClInclude>
    <ClInclude Include="curve_data.hpp">
      <Filter>Header Files\Curve</Filter>
    </ClInclude>
    <ClInclude Include="string_table.hpp">
      <Filter>Header Files</Filter>
    </ClInclude>
    <ClInclude Include="resource.h">
      <Filter>Header Files</Filter>
    </ClInclude>
    <ClInclude Include="wndproc_main.hpp">
      <Filter>Header Files\Window Procedure</Filter>
    </ClInclude>
    <ClInclude Include="wndproc_editor.hpp">
      <Filter>Header Files\Window Procedure</Filter>
    </ClInclude>
    <ClInclude Include="wndproc_grapheditor.hpp">
      <Filter>Header Files\Window Procedure</Filter>
    </ClInclude>
    <ClInclude Include="wndproc_library.hpp">
      <Filter>Header Files\Window Procedure</Filter>
    </ClInclude>
    <ClInclude Include="wndproc_texteditor.hpp">
      <Filter>Header Files\Window Procedure</Filter>
    </ClInclude>
    <ClInclude Include="constants.hpp">
      <Filter>Header Files</Filter>
    </ClInclude>
    <ClInclude Include="enum.hpp">
      <Filter>Header Files</Filter>
    </ClInclude>
    <ClInclude Include="wndproc_toolbar.hpp">
      <Filter>Header Files\Window Procedure</Filter>
    </ClInclude>
    <ClInclude Include="theme.hpp">
      <Filter>Header Files</Filter>
    </ClInclude>
    <ClInclude Include="preset.hpp">
      <Filter>Header Files</Filter>
    </ClInclude>
    <ClInclude Include="curve_bezier.hpp">
      <Filter>Header Files\Curve</Filter>
    </ClInclude>
    <ClInclude Include="curve_graph.hpp">
      <Filter>Header Files\Curve</Filter>
    </ClInclude>
    <ClInclude Include="curve_elastic.hpp">
      <Filter>Header Files\Curve</Filter>
    </ClInclude>
    <ClInclude Include="curve_bounce.hpp">
      <Filter>Header Files\Curve</Filter>
    </ClInclude>
    <ClInclude Include="curve_normal.hpp">
      <Filter>Header Files\Curve</Filter>
    </ClInclude>
    <ClInclude Include="curve_value.hpp">
      <Filter>Header Files\Curve</Filter>
    </ClInclude>
    <ClInclude Include="curve_script.hpp">
      <Filter>Header Files\Curve</Filter>
    </ClInclude>
    <ClInclude Include="curve_linear.hpp">
      <Filter>Header Files\Curve</Filter>
    </ClInclude>
    <ClInclude Include="handle_bezier.hpp">
      <Filter>Header Files\Curve\Handle</Filter>
    </ClInclude>
    <ClInclude Include="handle_elastic_freq_decay.hpp">
      <Filter>Header Files\Curve\Handle</Filter>
    </ClInclude>
    <ClInclude Include="handle_elastic_amp.hpp">
      <Filter>Header Files\Curve\Handle</Filter>
    </ClInclude>
    <ClInclude Include="view.hpp">
      <Filter>Header Files\View</Filter>
    </ClInclude>
    <ClInclude Include="view_graph.hpp">
      <Filter>Header Files\View</Filter>
    </ClInclude>
    <ClInclude Include="view_preset.hpp">
      <Filter>Header Files\View</Filter>
    </ClInclude>
    <ClInclude Include="curve_editor.hpp">
      <Filter>Header Files\Curve\Editor</Filter>
    </ClInclude>
    <ClInclude Include="curve_editor_script.hpp">
      <Filter>Header Files\Curve\Editor</Filter>
    </ClInclude>
    <ClInclude Include="curve_editor_graph.hpp">
      <Filter>Header Files\Curve\Editor</Filter>
    </ClInclude>
    <ClInclude Include="control_point.hpp">
      <Filter>Header Files\Curve\Handle</Filter>
    </ClInclude>
    <ClInclude Include="menu_edit_mode.hpp">
      <Filter>Header Files\Menu</Filter>
    </ClInclude>
    <ClInclude Include="menu_more.hpp">
      <Filter>Header Files\Menu</Filter>
    </ClInclude>
    <ClInclude Include="menu_graph.hpp">
      <Filter>Header Files\Menu</Filter>
    </ClInclude>
    <ClInclude Include="menu.hpp">
      <Filter>Header Files\Menu</Filter>
    </ClInclude>
    <ClInclude Include="menu_curve.hpp">
      <Filter>Header Files\Menu</Filter>
    </ClInclude>
    <ClInclude Include="curve_graph_numeric.hpp">
      <Filter>Header Files\Curve</Filter>
    </ClInclude>
    <ClInclude Include="handle_bounce.hpp">
      <Filter>Header Files\Curve\Handle</Filter>
    </ClInclude>
    <ClInclude Include="exedit_hook.hpp">
      <Filter>Header Files\Exedit Hook</Filter>
    </ClInclude>
    <ClInclude Include="trackbar_button.hpp">
      <Filter>Header Files\Exedit Hook</Filter>
    </ClInclude>
    <ClInclude Include="my_button.hpp">
      <Filter>Header Files\UI</Filter>
    </ClInclude>
    <ClInclude Include="my_messagebox.hpp">
      <Filter>Header Files\Util</Filter>
    </ClInclude>
    <ClInclude Include="actctx_manager.hpp">
      <Filter>Header Files\Util</Filter>
    </ClInclude>
    <ClInclude Include="filter_init.hpp">
      <Filter>Header Files\Filter Func</Filter>
    </ClInclude>
    <ClInclude Include="filter_exit.hpp">
      <Filter>Header Files\Filter Func</Filter>
    </ClInclude>
    <ClInclude Include="filter_project_load.hpp">
      <Filter>Header Files\Filter Func</Filter>
    </ClInclude>
    <ClInclude Include="filter_project_save.hpp">
      <Filter>Header Files\Filter Func</Filter>
    </ClInclude>
    <ClInclude Include="filter_wndproc.hpp">
      <Filter>Header Files\Filter Func</Filter>
    </ClInclude>
    <ClInclude Include="dialog_pref_appearance.hpp">
      <Filter>Header Files\Dialog</Filter>
    </ClInclude>
    <ClInclude Include="dialog.hpp">
      <Filter>Header Files\Dialog</Filter>
    </ClInclude>
    <ClInclude Include="dialog_pref.hpp">
      <Filter>Header Files\Dialog</Filter>
    </ClInclude>
    <ClInclude Include="dialog_pref_general.hpp">
      <Filter>Header Files\Dialog</Filter>
    </ClInclude>
    <ClInclude Include="dialog_pref_behavior.hpp">
      <Filter>Header Files\Dialog</Filter>
    </ClInclude>
    <ClInclude Include="dialog_pref_editing.hpp">
      <Filter>Header Files\Dialog</Filter>
    </ClInclude>
    <ClInclude Include="dialog_about.hpp">
      <Filter>Header Files\Dialog</Filter>
    </ClInclude>
    <ClInclude Include="dialog_bezier_param.hpp">
      <Filter>Header Files\Dialog</Filter>
    </ClInclude>
    <ClInclude Include="dialog_curve_code.hpp">
      <Filter>Header Files\Dialog</Filter>
    </ClInclude>
    <ClInclude Include="dialog_warning_autosaver.hpp">
      <Filter>Header Files\Dialog</Filter>
    </ClInclude>
    <ClInclude Include="util.hpp">
      <Filter>Header Files\Util</Filter>
    </ClInclude>
    <ClInclude Include="config.hpp">
      <Filter>Header Files\Config</Filter>
    </ClInclude>
    <ClInclude Include="preferences.hpp">
      <Filter>Header Files\Config</Filter>
    </ClInclude>
    <ClInclude Include="notification.hpp">
      <Filter>Header Files</Filter>
    </ClInclude>
    <ClInclude Include="drag_and_drop.hpp">
      <Filter>Header Files\Exedit Hook</Filter>
    </ClInclude>
    <ClInclude Include="menu_id.hpp">
      <Filter>Header Files\Menu</Filter>
    </ClInclude>
    <ClInclude Include="menu_bezier_handle.hpp">
      <Filter>Header Files\Menu</Filter>
    </ClInclude>
    <ClInclude Include="dialog_id_jumpto.hpp">
      <Filter>Header Files\Dialog</Filter>
    </ClInclude>
    <ClInclude Include="json_loader.hpp">
      <Filter>Header Files\Util</Filter>
    </ClInclude>
    <ClInclude Include="version.hpp">
      <Filter>Header Files\Util</Filter>
    </ClInclude>
    <ClInclude Include="modifier.hpp">
      <Filter>Header Files\Curve\Modifier</Filter>
    </ClInclude>
    <ClInclude Include="noiser.hpp">
      <Filter>Header Files\Curve\Modifier</Filter>
    </ClInclude>
    <ClInclude Include="discretizer.hpp">
      <Filter>Header Files\Curve\Modifier</Filter>
    </ClInclude>
    <ClInclude Include="dialog_modifier.hpp">
      <Filter>Header Files\Dialog</Filter>
    </ClInclude>
    <ClInclude Include="dialog_modifier_noiser.hpp">
      <Filter>Header Files\Dialog</Filter>
    </ClInclude>
    <ClInclude Include="dialog_modifier_discretizer.hpp">
      <Filter>Header Files\Dialog</Filter>
    </ClInclude>
  </ItemGroup>
  <ItemGroup>
    <ClCompile Include="curve.cpp">
      <Filter>Source Files\Curve</Filter>
    </ClCompile>
    <ClCompile Include="curve_bezier.cpp">
      <Filter>Source Files\Curve</Filter>
    </ClCompile>
    <ClCompile Include="curve_normal.cpp">
      <Filter>Source Files\Curve</Filter>
    </ClCompile>
    <ClCompile Include="curve_elastic.cpp">
      <Filter>Source Files\Curve</Filter>
    </ClCompile>
    <ClCompile Include="curve_bounce.cpp">
      <Filter>Source Files\Curve</Filter>
    </ClCompile>
    <ClCompile Include="curve_script.cpp">
      <Filter>Source Files\Curve</Filter>
    </ClCompile>
    <ClCompile Include="curve_value.cpp">
      <Filter>Source Files\Curve</Filter>
    </ClCompile>
    <ClCompile Include="dll_export.cpp">
      <Filter>Source Files</Filter>
    </ClCompile>
    <ClCompile Include="string_table.cpp">
      <Filter>Source Files</Filter>
    </ClCompile>
    <ClCompile Include="func_lua.cpp">
      <Filter>Source Files</Filter>
    </ClCompile>
    <ClCompile Include="wndproc_editor.cpp">
      <Filter>Source Files\Window Procedure</Filter>
    </ClCompile>
    <ClCompile Include="wndproc_grapheditor.cpp">
      <Filter>Source Files\Window Procedure</Filter>
    </ClCompile>
    <ClCompile Include="wndproc_library.cpp">
      <Filter>Source Files\Window Procedure</Filter>
    </ClCompile>
    <ClCompile Include="wndproc_main.cpp">
      <Filter>Source Files\Window Procedure</Filter>
    </ClCompile>
    <ClCompile Include="wndproc_texteditor.cpp">
      <Filter>Source Files\Window Procedure</Filter>
    </ClCompile>
    <ClCompile Include="wndproc_toolbar.cpp">
      <Filter>Source Files\Window Procedure</Filter>
    </ClCompile>
    <ClCompile Include="preset.cpp">
      <Filter>Source Files</Filter>
    </ClCompile>
    <ClCompile Include="curve_linear.cpp">
      <Filter>Source Files\Curve</Filter>
    </ClCompile>
    <ClCompile Include="handle_elastic_freq_decay.cpp">
      <Filter>Source Files\Curve\Handle</Filter>
    </ClCompile>
    <ClCompile Include="handle_bezier.cpp">
      <Filter>Source Files\Curve\Handle</Filter>
    </ClCompile>
    <ClCompile Include="handle_elastic_amp.cpp">
      <Filter>Source Files\Curve\Handle</Filter>
    </ClCompile>
    <ClCompile Include="handle_bounce.cpp">
      <Filter>Source Files\Curve\Handle</Filter>
    </ClCompile>
    <ClCompile Include="curve_graph.cpp">
      <Filter>Source Files\Curve</Filter>
    </ClCompile>
    <ClCompile Include="view_graph.cpp">
      <Filter>Source Files\View</Filter>
    </ClCompile>
    <ClCompile Include="curve_editor_graph.cpp">
      <Filter>Source Files\Curve\Editor</Filter>
    </ClCompile>
    <ClCompile Include="control_point.cpp">
      <Filter>Source Files\Curve\Handle</Filter>
    </ClCompile>
    <ClCompile Include="view_preset.cpp">
      <Filter>Source Files\View</Filter>
    </ClCompile>
    <ClCompile Include="menu_edit_mode.cpp">
      <Filter>Source Files\Menu</Filter>
    </ClCompile>
    <ClCompile Include="menu_more.cpp">
      <Filter>Source Files\Menu</Filter>
    </ClCompile>
    <ClCompile Include="menu_graph.cpp">
      <Filter>Source Files\Menu</Filter>
    </ClCompile>
    <ClCompile Include="menu.cpp">
      <Filter>Source Files\Menu</Filter>
    </ClCompile>
    <ClCompile Include="menu_curve.cpp">
      <Filter>Source Files\Menu</Filter>
    </ClCompile>
    <ClCompile Include="curve_editor.cpp">
      <Filter>Source Files\Curve\Editor</Filter>
    </ClCompile>
    <ClCompile Include="exedit_hook.cpp">
      <Filter>Source Files\Exedit Hook</Filter>
    </ClCompile>
    <ClCompile Include="trackbar_button.cpp">
      <Filter>Source Files\Exedit Hook</Filter>
    </ClCompile>
    <ClCompile Include="actctx_manager.cpp">
      <Filter>Source Files\Util</Filter>
    </ClCompile>
    <ClCompile Include="filter_init.cpp">
      <Filter>Source Files\Filter Func</Filter>
    </ClCompile>
    <ClCompile Include="filter_exit.cpp">
      <Filter>Source Files\Filter Func</Filter>
    </ClCompile>
    <ClCompile Include="filter_project_load.cpp">
      <Filter>Source Files\Filter Func</Filter>
    </ClCompile>
    <ClCompile Include="filter_project_save.cpp">
      <Filter>Source Files\Filter Func</Filter>
    </ClCompile>
    <ClCompile Include="filter_wndproc.cpp">
      <Filter>Source Files\Filter Func</Filter>
    </ClCompile>
    <ClCompile Include="dialog_pref_appearance.cpp">
      <Filter>Source Files\Dialog</Filter>
    </ClCompile>
    <ClCompile Include="dialog.cpp">
      <Filter>Source Files\Dialog</Filter>
    </ClCompile>
    <ClCompile Include="dialog_pref.cpp">
      <Filter>Source Files\Dialog</Filter>
    </ClCompile>
    <ClCompile Include="dialog_pref_general.cpp">
      <Filter>Source Files\Dialog</Filter>
    </ClCompile>
    <ClCompile Include="dialog_pref_behavior.cpp">
      <Filter>Source Files\Dialog</Filter>
    </ClCompile>
    <ClCompile Include="dialog_pref_editing.cpp">
      <Filter>Source Files\Dialog</Filter>
    </ClCompile>
    <ClCompile Include="dialog_about.cpp">
      <Filter>Source Files\Dialog</Filter>
    </ClCompile>
    <ClCompile Include="dialog_bezier_param.cpp">
      <Filter>Source Files\Dialog</Filter>
    </ClCompile>
    <ClCompile Include="dialog_curve_code.cpp">
      <Filter>Source Files\Dialog</Filter>
    </ClCompile>
    <ClCompile Include="dialog_warning_autosaver.cpp">
      <Filter>Source Files\Dialog</Filter>
    </ClCompile>
    <ClCompile Include="util.cpp">
      <Filter>Source Files\Util</Filter>
    </ClCompile>
    <ClCompile Include="config.cpp">
      <Filter>Source Files\Config</Filter>
    </ClCompile>
    <ClCompile Include="preferences.cpp">
      <Filter>Source Files\Config</Filter>
    </ClCompile>
    <ClCompile Include="curve_editor_script.cpp">
      <Filter>Source Files\Curve\Editor</Filter>
    </ClCompile>
    <ClCompile Include="drag_and_drop.cpp">
      <Filter>Source Files\Exedit Hook</Filter>
    </ClCompile>
    <ClCompile Include="menu_id.cpp">
      <Filter>Source Files\Menu</Filter>
    </ClCompile>
    <ClCompile Include="menu_bezier_handle.cpp">
      <Filter>Source Files\Menu</Filter>
    </ClCompile>
    <ClCompile Include="dialog_id_jumpto.cpp">
      <Filter>Source Files\Dialog</Filter>
    </ClCompile>
    <ClCompile Include="json_loader.cpp">
      <Filter>Source Files\Util</Filter>
    </ClCompile>
    <ClCompile Include="version.cpp">
      <Filter>Source Files\Util</Filter>
    </ClCompile>
    <ClCompile Include="noiser.cpp">
      <Filter>Source Files\Curve\Modifier</Filter>
    </ClCompile>
    <ClCompile Include="discretizer.cpp">
      <Filter>Source Files\Curve\Modifier</Filter>
    </ClCompile>
    <ClCompile Include="dialog_modifer.cpp">
      <Filter>Source Files\Dialog</Filter>
    </ClCompile>
    <ClCompile Include="modifier.cpp">
      <Filter>Source Files</Filter>
    </ClCompile>
    <ClCompile Include="dialog_modifier_noiser.cpp">
      <Filter>Source Files\Dialog</Filter>
    </ClCompile>
    <ClCompile Include="dialog_modifier_discretizer.cpp">
      <Filter>Source Files\Dialog</Filter>
    </ClCompile>
  </ItemGroup>
  <ItemGroup>
    <None Include="resources\cursor\drag.cur">
      <Filter>Resource Files</Filter>
    </None>
    <None Include="curve_editor.def">
      <Filter>Module</Filter>
    </None>
  </ItemGroup>
  <ItemGroup>
    <ResourceCompile Include="curve_editor.rc">
      <Filter>Resource Files</Filter>
    </ResourceCompile>
  </ItemGroup>
  <ItemGroup>
    <Image Include="resources\icon\dark\copy.png">
      <Filter>Resource Files</Filter>
    </Image>
    <Image Include="resources\icon\dark\read.png">
      <Filter>Resource Files</Filter>
    </Image>
    <Image Include="resources\icon\dark\save.png">
      <Filter>Resource Files</Filter>
    </Image>
    <Image Include="resources\icon\dark\clear.png">
      <Filter>Resource Files</Filter>
    </Image>
    <Image Include="resources\icon\dark\fit.png">
      <Filter>Resource Files</Filter>
    </Image>
    <Image Include="resources\icon\dark\more.png">
      <Filter>Resource Files</Filter>
    </Image>
    <Image Include="resources\icon\dark\back.png">
      <Filter>Resource Files</Filter>
    </Image>
    <Image Include="resources\icon\dark\next.png">
      <Filter>Resource Files</Filter>
    </Image>
  </ItemGroup>
  <ItemGroup>
    <Xml Include="manifest.xml">
      <Filter>Resource Files</Filter>
    </Xml>
  </ItemGroup>
</Project>