
Microsoft Visual Studio Solution File, Format Version 12.00
# Visual Studio Version 16
VisualStudioVersion = 16.0.31410.357
MinimumVisualStudioVersion = 10.0.40219.1
Project("{8BC9CEB8-8B4A-11D0-8D11-00A0C91BC942}") = "curve_editor", "curve_editor\curve_editor.vcxproj", "{8BF3C00C-170B-4992-981A-F53F69292691}"
EndProject
Global
	GlobalSection(SolutionConfigurationPlatforms) = preSolution
		Debug|x64 = Debug|x64
		Debug|x86 = Debug|x86
		Release|x64 = Release|x64
		Release|x86 = Release|x86
	EndGlobalSection
	GlobalSection(ProjectConfigurationPlatforms) = postSolution
		{8BF3C00C-170B-4992-981A-F53F69292691}.Debug|x64.ActiveCfg = Debug|x64
		{8BF3C00C-170B-4992-981A-F53F69292691}.Debug|x64.Build.0 = Debug|x64
		{8BF3C00C-170B-4992-981A-F53F69292691}.Debug|x86.ActiveCfg = Debug|Win32
		{8BF3C00C-170B-4992-981A-F53F69292691}.Debug|x86.Build.0 = Debug|Win32
		{8BF3C00C-170B-4992-981A-F53F69292691}.Release|x64.ActiveCfg = Release|x64
		{8BF3C00C-170B-4992-981A-F53F69292691}.Release|x64.Build.0 = Release|x64
		{8BF3C00C-170B-4992-981A-F53F69292691}.Release|x86.ActiveCfg = Release|Win32
		{8BF3C00C-170B-4992-981A-F53F69292691}.Release|x86.Build.0 = Release|Win32
	EndGlobalSection
	GlobalSection(SolutionProperties) = preSolution
		HideSolutionNode = FALSE
	EndGlobalSection
	GlobalSection(ExtensibilityGlobals) = postSolution
		SolutionGuid = {0B08BC17-748E-462B-8792-CA11FA9E6E4E}
	EndGlobalSection
EndGlobal
